// !$*UTF8*$!
{
	archiveVersion = 1;
	classes = {
	};
	objectVersion = 50;
	objects = {

/* Begin PBXBuildFile section */
		7BB7E768264929E000153554 /* AppDelegate.swift in Sources */ = {isa = PBXBuildFile; fileRef = 7BB7E767264929E000153554 /* AppDelegate.swift */; };
		7BB7E76A264929E000153554 /* SceneDelegate.swift in Sources */ = {isa = PBXBuildFile; fileRef = 7BB7E769264929E000153554 /* SceneDelegate.swift */; };
		7BB7E76C264929E000153554 /* ViewController.swift in Sources */ = {isa = PBXBuildFile; fileRef = 7BB7E76B264929E000153554 /* ViewController.swift */; };
		7BB7E76F264929E000153554 /* Main.storyboard in Resources */ = {isa = PBXBuildFile; fileRef = 7BB7E76D264929E000153554 /* Main.storyboard */; };
		7BB7E771264929E200153554 /* Assets.xcassets in Resources */ = {isa = PBXBuildFile; fileRef = 7BB7E770264929E200153554 /* Assets.xcassets */; };
		7BB7E774264929E200153554 /* LaunchScreen.storyboard in Resources */ = {isa = PBXBuildFile; fileRef = 7BB7E772264929E200153554 /* LaunchScreen.storyboard */; };
		7BB7E77E26492A5700153554 /* character in Resources */ = {isa = PBXBuildFile; fileRef = 7BB7E77D26492A5700153554 /* character */; };
		7BB7E78026492A9D00153554 /* OverlayView.swift in Sources */ = {isa = PBXBuildFile; fileRef = 7BB7E77F26492A9D00153554 /* OverlayView.swift */; };
/* End PBXBuildFile section */

/* Begin PBXFileReference section */
		7BB7E764264929E000153554 /* ARRoboSkeleton.app */ = {isa = PBXFileReference; explicitFileType = wrapper.application; includeInIndex = 0; path = ARRoboSkeleton.app; sourceTree = BUILT_PRODUCTS_DIR; };
		7BB7E767264929E000153554 /* AppDelegate.swift */ = {isa = PBXFileReference; lastKnownFileType = sourcecode.swift; path = AppDelegate.swift; sourceTree = "<group>"; };
		7BB7E769264929E000153554 /* SceneDelegate.swift */ = {isa = PBXFileReference; lastKnownFileType = sourcecode.swift; path = SceneDelegate.swift; sourceTree = "<group>"; };
		7BB7E76B264929E000153554 /* ViewController.swift */ = {isa = PBXFileReference; lastKnownFileType = sourcecode.swift; path = ViewController.swift; sourceTree = "<group>"; };
		7BB7E76E264929E000153554 /* Base */ = {isa = PBXFileReference; lastKnownFileType = file.storyboard; name = Base; path = Base.lproj/Main.storyboard; sourceTree = "<group>"; };
		7BB7E770264929E200153554 /* Assets.xcassets */ = {isa = PBXFileReference; lastKnownFileType = folder.assetcatalog; path = Assets.xcassets; sourceTree = "<group>"; };
		7BB7E773264929E200153554 /* Base */ = {isa = PBXFileReference; lastKnownFileType = file.storyboard; name = Base; path = Base.lproj/LaunchScreen.storyboard; sourceTree = "<group>"; };
		7BB7E775264929E200153554 /* Info.plist */ = {isa = PBXFileReference; lastKnownFileType = text.plist.xml; path = Info.plist; sourceTree = "<group>"; };
		7BB7E77D26492A5700153554 /* character */ = {isa = PBXFileReference; lastKnownFileType = folder; path = character; sourceTree = "<group>"; };
		7BB7E77F26492A9D00153554 /* OverlayView.swift */ = {isa = PBXFileReference; fileEncoding = 4; lastKnownFileType = sourcecode.swift; path = OverlayView.swift; sourceTree = "<group>"; };
/* End PBXFileReference section */

/* Begin PBXFrameworksBuildPhase section */
		7BB7E761264929E000153554 /* Frameworks */ = {
			isa = PBXFrameworksBuildPhase;
			buildActionMask = 2147483647;
			files = (
			);
			runOnlyForDeploymentPostprocessing = 0;
		};
/* End PBXFrameworksBuildPhase section */

/* Begin PBXGroup section */
		7BB7E75B264929E000153554 = {
			isa = PBXGroup;
			children = (
				7BB7E766264929E000153554 /* ARRoboSkeleton */,
				7BB7E765264929E000153554 /* Products */,
			);
			sourceTree = "<group>";
		};
		7BB7E765264929E000153554 /* Products */ = {
			isa = PBXGroup;
			children = (
				7BB7E764264929E000153554 /* ARRoboSkeleton.app */,
			);
			name = Products;
			sourceTree = "<group>";
		};
		7BB7E766264929E000153554 /* ARRoboSkeleton */ = {
			isa = PBXGroup;
			children = (
				7BB7E767264929E000153554 /* AppDelegate.swift */,
				7BB7E769264929E000153554 /* SceneDelegate.swift */,
				7BB7E76B264929E000153554 /* ViewController.swift */,
				7BB7E77F26492A9D00153554 /* OverlayView.swift */,
				7BB7E76D264929E000153554 /* Main.storyboard */,
				7BB7E770264929E200153554 /* Assets.xcassets */,
				7BB7E77D26492A5700153554 /* character */,
				7BB7E772264929E200153554 /* LaunchScreen.storyboard */,
				7BB7E775264929E200153554 /* Info.plist */,
			);
			path = ARRoboSkeleton;
			sourceTree = "<group>";
		};
/* End PBXGroup section */

/* Begin PBXNativeTarget section */
		7BB7E763264929E000153554 /* ARRoboSkeleton */ = {
			isa = PBXNativeTarget;
			buildConfigurationList = 7BB7E778264929E200153554 /* Build configuration list for PBXNativeTarget "ARRoboSkeleton" */;
			buildPhases = (
				7BB7E760264929E000153554 /* Sources */,
				7BB7E761264929E000153554 /* Frameworks */,
				7BB7E762264929E000153554 /* Resources */,
			);
			buildRules = (
			);
			dependencies = (
			);
			name = ARRoboSkeleton;
			productName = ARRoboSkeleton;
			productReference = 7BB7E764264929E000153554 /* ARRoboSkeleton.app */;
			productType = "com.apple.product-type.application";
		};
/* End PBXNativeTarget section */

/* Begin PBXProject section */
		7BB7E75C264929E000153554 /* Project object */ = {
			isa = PBXProject;
			attributes = {
				LastSwiftUpdateCheck = 1250;
				LastUpgradeCheck = 1250;
				TargetAttributes = {
					7BB7E763264929E000153554 = {
						CreatedOnToolsVersion = 12.5;
					};
				};
			};
			buildConfigurationList = 7BB7E75F264929E000153554 /* Build configuration list for PBXProject "ARRoboSkeleton" */;
			compatibilityVersion = "Xcode 9.3";
			developmentRegion = en;
			hasScannedForEncodings = 0;
			knownRegions = (
				en,
				Base,
			);
			mainGroup = 7BB7E75B264929E000153554;
			productRefGroup = 7BB7E765264929E000153554 /* Products */;
			projectDirPath = "";
			projectRoot = "";
			targets = (
				7BB7E763264929E000153554 /* ARRoboSkeleton */,
			);
		};
/* End PBXProject section */

/* Begin PBXResourcesBuildPhase section */
		7BB7E762264929E000153554 /* Resources */ = {
			isa = PBXResourcesBuildPhase;
			buildActionMask = 2147483647;
			files = (
				7BB7E774264929E200153554 /* LaunchScreen.storyboard in Resources */,
				7BB7E771264929E200153554 /* Assets.xcassets in Resources */,
				7BB7E77E26492A5700153554 /* character in Resources */,
				7BB7E76F264929E000153554 /* Main.storyboard in Resources */,
			);
			runOnlyForDeploymentPostprocessing = 0;
		};
/* End PBXResourcesBuildPhase section */

/* Begin PBXSourcesBuildPhase section */
		7BB7E760264929E000153554 /* Sources */ = {
			isa = PBXSourcesBuildPhase;
			buildActionMask = 2147483647;
			files = (
				7BB7E76C264929E000153554 /* ViewController.swift in Sources */,
				7BB7E78026492A9D00153554 /* OverlayView.swift in Sources */,
				7BB7E768264929E000153554 /* AppDelegate.swift in Sources */,
				7BB7E76A264929E000153554 /* SceneDelegate.swift in Sources */,
			);
			runOnlyForDeploymentPostprocessing = 0;
		};
/* End PBXSourcesBuildPhase section */

/* Begin PBXVariantGroup section */
		7BB7E76D264929E000153554 /* Main.storyboard */ = {
			isa = PBXVariantGroup;
			children = (
				7BB7E76E264929E000153554 /* Base */,
			);
			name = Main.storyboard;
			sourceTree = "<group>";
		};
		7BB7E772264929E200153554 /* LaunchScreen.storyboard */ = {
			isa = PBXVariantGroup;
			children = (
				7BB7E773264929E200153554 /* Base */,
			);
			name = LaunchScreen.storyboard;
			sourceTree = "<group>";
		};
/* End PBXVariantGroup section */

/* Begin XCBuildConfiguration section */
		7BB7E776264929E200153554 /* Debug */ = {
			isa = XCBuildConfiguration;
			buildSettings = {
				ALWAYS_SEARCH_USER_PATHS = NO;
				CLANG_ANALYZER_NONNULL = YES;
				CLANG_ANALYZER_NUMBER_OBJECT_CONVERSION = YES_AGGRESSIVE;
				CLANG_CXX_LANGUAGE_STANDARD = "gnu++14";
				CLANG_CXX_LIBRARY = "libc++";
				CLANG_ENABLE_MODULES = YES;
				CLANG_ENABLE_OBJC_ARC = YES;
				CLANG_ENABLE_OBJC_WEAK = YES;
				CLANG_WARN_BLOCK_CAPTURE_AUTORELEASING = YES;
				CLANG_WARN_BOOL_CONVERSION = YES;
				CLANG_WARN_COMMA = YES;
				CLANG_WARN_CONSTANT_CONVERSION = YES;
				CLANG_WARN_DEPRECATED_OBJC_IMPLEMENTATIONS = YES;
				CLANG_WARN_DIRECT_OBJC_ISA_USAGE = YES_ERROR;
				CLANG_WARN_DOCUMENTATION_COMMENTS = YES;
				CLANG_WARN_EMPTY_BODY = YES;
				CLANG_WARN_ENUM_CONVERSION = YES;
				CLANG_WARN_INFINITE_RECURSION = YES;
				CLANG_WARN_INT_CONVERSION = YES;
				CLANG_WARN_NON_LITERAL_NULL_CONVERSION = YES;
				CLANG_WARN_OBJC_IMPLICIT_RETAIN_SELF = YES;
				CLANG_WARN_OBJC_LITERAL_CONVERSION = YES;
				CLANG_WARN_OBJC_ROOT_CLASS = YES_ERROR;
				CLANG_WARN_QUOTED_INCLUDE_IN_FRAMEWORK_HEADER = YES;
				CLANG_WARN_RANGE_LOOP_ANALYSIS = YES;
				CLANG_WARN_STRICT_PROTOTYPES = YES;
				CLANG_WARN_SUSPICIOUS_MOVE = YES;
				CLANG_WARN_UNGUARDED_AVAILABILITY = YES_AGGRESSIVE;
				CLANG_WARN_UNREACHABLE_CODE = YES;
				CLANG_WARN__DUPLICATE_METHOD_MATCH = YES;
				COPY_PHASE_STRIP = NO;
				DEBUG_INFORMATION_FORMAT = dwarf;
				ENABLE_STRICT_OBJC_MSGSEND = YES;
				ENABLE_TESTABILITY = YES;
				GCC_C_LANGUAGE_STANDARD = gnu11;
				GCC_DYNAMIC_NO_PIC = NO;
				GCC_NO_COMMON_BLOCKS = YES;
				GCC_OPTIMIZATION_LEVEL = 0;
				GCC_PREPROCESSOR_DEFINITIONS = (
					"DEBUG=1",
					"$(inherited)",
				);
				GCC_WARN_64_TO_32_BIT_CONVERSION = YES;
				GCC_WARN_ABOUT_RETURN_TYPE = YES_ERROR;
				GCC_WARN_UNDECLARED_SELECTOR = YES;
				GCC_WARN_UNINITIALIZED_AUTOS = YES_AGGRESSIVE;
				GCC_WARN_UNUSED_FUNCTION = YES;
				GCC_WARN_UNUSED_VARIABLE = YES;
				IPHONEOS_DEPLOYMENT_TARGET = 13.0;
				MTL_ENABLE_DEBUG_INFO = INCLUDE_SOURCE;
				MTL_FAST_MATH = YES;
				ONLY_ACTIVE_ARCH = YES;
				SDKROOT = iphoneos;
				SWIFT_ACTIVE_COMPILATION_CONDITIONS = DEBUG;
				SWIFT_OPTIMIZATION_LEVEL = "-Onone";
			};
			name = Debug;
		};
		7BB7E777264929E200153554 /* Release */ = {
			isa = XCBuildConfiguration;
			buildSettings = {
				ALWAYS_SEARCH_USER_PATHS = NO;
				CLANG_ANALYZER_NONNULL = YES;
				CLANG_ANALYZER_NUMBER_OBJECT_CONVERSION = YES_AGGRESSIVE;
				CLANG_CXX_LANGUAGE_STANDARD = "gnu++14";
				CLANG_CXX_LIBRARY = "libc++";
				CLANG_ENABLE_MODULES = YES;
				CLANG_ENABLE_OBJC_ARC = YES;
				CLANG_ENABLE_OBJC_WEAK = YES;
				CLANG_WARN_BLOCK_CAPTURE_AUTORELEASING = YES;
				CLANG_WARN_BOOL_CONVERSION = YES;
				CLANG_WARN_COMMA = YES;
				CLANG_WARN_CONSTANT_CONVERSION = YES;
				CLANG_WARN_DEPRECATED_OBJC_IMPLEMENTATIONS = YES;
				CLANG_WARN_DIRECT_OBJC_ISA_USAGE = YES_ERROR;
				CLANG_WARN_DOCUMENTATION_COMMENTS = YES;
				CLANG_WARN_EMPTY_BODY = YES;
				CLANG_WARN_ENUM_CONVERSION = YES;
				CLANG_WARN_INFINITE_RECURSION = YES;
				CLANG_WARN_INT_CONVERSION = YES;
				CLANG_WARN_NON_LITERAL_NULL_CONVERSION = YES;
				CLANG_WARN_OBJC_IMPLICIT_RETAIN_SELF = YES;
				CLANG_WARN_OBJC_LITERAL_CONVERSION = YES;
				CLANG_WARN_OBJC_ROOT_CLASS = YES_ERROR;
				CLANG_WARN_QUOTED_INCLUDE_IN_FRAMEWORK_HEADER = YES;
				CLANG_WARN_RANGE_LOOP_ANALYSIS = YES;
				CLANG_WARN_STRICT_PROTOTYPES = YES;
				CLANG_WARN_SUSPICIOUS_MOVE = YES;
				CLANG_WARN_UNGUARDED_AVAILABILITY = YES_AGGRESSIVE;
				CLANG_WARN_UNREACHABLE_CODE = YES;
				CLANG_WARN__DUPLICATE_METHOD_MATCH = YES;
				COPY_PHASE_STRIP = NO;
				DEBUG_INFORMATION_FORMAT = "dwarf-with-dsym";
				ENABLE_NS_ASSERTIONS = NO;
				ENABLE_STRICT_OBJC_MSGSEND = YES;
				GCC_C_LANGUAGE_STANDARD = gnu11;
				GCC_NO_COMMON_BLOCKS = YES;
				GCC_WARN_64_TO_32_BIT_CONVERSION = YES;
				GCC_WARN_ABOUT_RETURN_TYPE = YES_ERROR;
				GCC_WARN_UNDECLARED_SELECTOR = YES;
				GCC_WARN_UNINITIALIZED_AUTOS = YES_AGGRESSIVE;
				GCC_WARN_UNUSED_FUNCTION = YES;
				GCC_WARN_UNUSED_VARIABLE = YES;
				IPHONEOS_DEPLOYMENT_TARGET = 13.0;
				MTL_ENABLE_DEBUG_INFO = NO;
				MTL_FAST_MATH = YES;
				SDKROOT = iphoneos;
				SWIFT_COMPILATION_MODE = wholemodule;
				SWIFT_OPTIMIZATION_LEVEL = "-O";
				VALIDATE_PRODUCT = YES;
			};
			name = Release;
		};
		7BB7E779264929E200153554 /* Debug */ = {
			isa = XCBuildConfiguration;
			buildSettings = {
				ASSETCATALOG_COMPILER_APPICON_NAME = AppIcon;
				ASSETCATALOG_COMPILER_GLOBAL_ACCENT_COLOR_NAME = AccentColor;
				CODE_SIGN_STYLE = Automatic;
				DEVELOPMENT_TEAM = USY8DR6535;
				INFOPLIST_FILE = ARRoboSkeleton/Info.plist;
				IPHONEOS_DEPLOYMENT_TARGET = 13.0;
				LD_RUNPATH_SEARCH_PATHS = (
					"$(inherited)",
					"@executable_path/Frameworks",
				);
				PRODUCT_BUNDLE_IDENTIFIER = com.dahnyue.ARRoboSkeleton;
				PRODUCT_NAME = "$(TARGET_NAME)";
				SWIFT_VERSION = 5.0;
				TARGETED_DEVICE_FAMILY = "1,2";
			};
			name = Debug;
		};
		7BB7E77A264929E200153554 /* Release */ = {
			isa = XCBuildConfiguration;
			buildSettings = {
				ASSETCATALOG_COMPILER_APPICON_NAME = AppIcon;
				ASSETCATALOG_COMPILER_GLOBAL_ACCENT_COLOR_NAME = AccentColor;
				CODE_SIGN_STYLE = Automatic;
				DEVELOPMENT_TEAM = USY8DR6535;
				INFOPLIST_FILE = ARRoboSkeleton/Info.plist;
				IPHONEOS_DEPLOYMENT_TARGET = 13.0;
				LD_RUNPATH_SEARCH_PATHS = (
					"$(inherited)",
					"@executable_path/Frameworks",
				);
				PRODUCT_BUNDLE_IDENTIFIER = com.dahnyue.ARRoboSkeleton;
				PRODUCT_NAME = "$(TARGET_NAME)";
				SWIFT_VERSION = 5.0;
				TARGETED_DEVICE_FAMILY = "1,2";
			};
			name = Release;
		};
/* End XCBuildConfiguration section */

/* Begin XCConfigurationList section */
		7BB7E75F264929E000153554 /* Build configuration list for PBXProject "ARRoboSkeleton" */ = {
			isa = XCConfigurationList;
			buildConfigurations = (
				7BB7E776264929E200153554 /* Debug */,
				7BB7E777264929E200153554 /* Release */,
			);
			defaultConfigurationIsVisible = 0;
			defaultConfigurationName = Release;
		};
		7BB7E778264929E200153554 /* Build configuration list for PBXNativeTarget "ARRoboSkeleton" */ = {
			isa = XCConfigurationList;
			buildConfigurations = (
				7BB7E779264929E200153554 /* Debug */,
				7BB7E77A264929E200153554 /* Release */,
			);
			defaultConfigurationIsVisible = 0;
			defaultConfigurationName = Release;
		};
/* End XCConfigurationList section */
	};
	rootObject = 7BB7E75C264929E000153554 /* Project object */;
}
