// !$*UTF8*$!
{
	archiveVersion = 1;
	classes = {
	};
	objectVersion = 50;
	objects = {

/* Begin PBXBuildFile section */
		4B3E072AA3158B8E036A627A /* Pods_JSONAPIExample.framework in Frameworks */ = {isa = PBXBuildFile; fileRef = F75DB5CB4F91B8DDE214D0B8 /* Pods_JSONAPIExample.framework */; };
		72C54C6926BA7DDC00915CF1 /* AppDelegate.swift in Sources */ = {isa = PBXBuildFile; fileRef = 72C54C6826BA7DDC00915CF1 /* AppDelegate.swift */; };
		72C54C6B26BA7DDC00915CF1 /* SceneDelegate.swift in Sources */ = {isa = PBXBuildFile; fileRef = 72C54C6A26BA7DDC00915CF1 /* SceneDelegate.swift */; };
		72C54C6D26BA7DDC00915CF1 /* ViewController.swift in Sources */ = {isa = PBXBuildFile; fileRef = 72C54C6C26BA7DDC00915CF1 /* ViewController.swift */; };
		72C54C7026BA7DDC00915CF1 /* Main.storyboard in Resources */ = {isa = PBXBuildFile; fileRef = 72C54C6E26BA7DDC00915CF1 /* Main.storyboard */; };
		72C54C7226BA7DDE00915CF1 /* Assets.xcassets in Resources */ = {isa = PBXBuildFile; fileRef = 72C54C7126BA7DDE00915CF1 /* Assets.xcassets */; };
		72C54C7526BA7DDE00915CF1 /* LaunchScreen.storyboard in Resources */ = {isa = PBXBuildFile; fileRef = 72C54C7326BA7DDE00915CF1 /* LaunchScreen.storyboard */; };
/* End PBXBuildFile section */

/* Begin PBXFileReference section */
		72C54C6526BA7DDC00915CF1 /* JSONAPIExample.app */ = {isa = PBXFileReference; explicitFileType = wrapper.application; includeInIndex = 0; path = JSONAPIExample.app; sourceTree = BUILT_PRODUCTS_DIR; };
		72C54C6826BA7DDC00915CF1 /* AppDelegate.swift */ = {isa = PBXFileReference; lastKnownFileType = sourcecode.swift; path = AppDelegate.swift; sourceTree = "<group>"; };
		72C54C6A26BA7DDC00915CF1 /* SceneDelegate.swift */ = {isa = PBXFileReference; lastKnownFileType = sourcecode.swift; path = SceneDelegate.swift; sourceTree = "<group>"; };
		72C54C6C26BA7DDC00915CF1 /* ViewController.swift */ = {isa = PBXFileReference; lastKnownFileType = sourcecode.swift; path = ViewController.swift; sourceTree = "<group>"; };
		72C54C6F26BA7DDC00915CF1 /* Base */ = {isa = PBXFileReference; lastKnownFileType = file.storyboard; name = Base; path = Base.lproj/Main.storyboard; sourceTree = "<group>"; };
		72C54C7126BA7DDE00915CF1 /* Assets.xcassets */ = {isa = PBXFileReference; lastKnownFileType = folder.assetcatalog; path = Assets.xcassets; sourceTree = "<group>"; };
		72C54C7426BA7DDE00915CF1 /* Base */ = {isa = PBXFileReference; lastKnownFileType = file.storyboard; name = Base; path = Base.lproj/LaunchScreen.storyboard; sourceTree = "<group>"; };
		72C54C7626BA7DDE00915CF1 /* Info.plist */ = {isa = PBXFileReference; lastKnownFileType = text.plist.xml; path = Info.plist; sourceTree = "<group>"; };
		CD33DA29B82EB7BDBF601D5D /* Pods-JSONAPIExample.release.xcconfig */ = {isa = PBXFileReference; includeInIndex = 1; lastKnownFileType = text.xcconfig; name = "Pods-JSONAPIExample.release.xcconfig"; path = "Target Support Files/Pods-JSONAPIExample/Pods-JSONAPIExample.release.xcconfig"; sourceTree = "<group>"; };
		E57CCC89F7ED8185D6D43665 /* Pods-JSONAPIExample.debug.xcconfig */ = {isa = PBXFileReference; includeInIndex = 1; lastKnownFileType = text.xcconfig; name = "Pods-JSONAPIExample.debug.xcconfig"; path = "Target Support Files/Pods-JSONAPIExample/Pods-JSONAPIExample.debug.xcconfig"; sourceTree = "<group>"; };
		F75DB5CB4F91B8DDE214D0B8 /* Pods_JSONAPIExample.framework */ = {isa = PBXFileReference; explicitFileType = wrapper.framework; includeInIndex = 0; path = Pods_JSONAPIExample.framework; sourceTree = BUILT_PRODUCTS_DIR; };
/* End PBXFileReference section */

/* Begin PBXFrameworksBuildPhase section */
		72C54C6226BA7DDC00915CF1 /* Frameworks */ = {
			isa = PBXFrameworksBuildPhase;
			buildActionMask = 2147483647;
			files = (
				4B3E072AA3158B8E036A627A /* Pods_JSONAPIExample.framework in Frameworks */,
			);
			runOnlyForDeploymentPostprocessing = 0;
		};
/* End PBXFrameworksBuildPhase section */

/* Begin PBXGroup section */
		72C54C5C26BA7DDC00915CF1 = {
			isa = PBXGroup;
			children = (
				72C54C6726BA7DDC00915CF1 /* JSONAPIExample */,
				72C54C6626BA7DDC00915CF1 /* Products */,
				DDBCA763D8C0B98698C6652C /* Pods */,
				A7A0EFD0BA7F83D247E88AF1 /* Frameworks */,
			);
			sourceTree = "<group>";
		};
		72C54C6626BA7DDC00915CF1 /* Products */ = {
			isa = PBXGroup;
			children = (
				72C54C6526BA7DDC00915CF1 /* JSONAPIExample.app */,
			);
			name = Products;
			sourceTree = "<group>";
		};
		72C54C6726BA7DDC00915CF1 /* JSONAPIExample */ = {
			isa = PBXGroup;
			children = (
				72C54C6826BA7DDC00915CF1 /* AppDelegate.swift */,
				72C54C6A26BA7DDC00915CF1 /* SceneDelegate.swift */,
				72C54C6C26BA7DDC00915CF1 /* ViewController.swift */,
				72C54C6E26BA7DDC00915CF1 /* Main.storyboard */,
				72C54C7126BA7DDE00915CF1 /* Assets.xcassets */,
				72C54C7326BA7DDE00915CF1 /* LaunchScreen.storyboard */,
				72C54C7626BA7DDE00915CF1 /* Info.plist */,
			);
			path = JSONAPIExample;
			sourceTree = "<group>";
		};
		A7A0EFD0BA7F83D247E88AF1 /* Frameworks */ = {
			isa = PBXGroup;
			children = (
				F75DB5CB4F91B8DDE214D0B8 /* Pods_JSONAPIExample.framework */,
			);
			name = Frameworks;
			sourceTree = "<group>";
		};
		DDBCA763D8C0B98698C6652C /* Pods */ = {
			isa = PBXGroup;
			children = (
				E57CCC89F7ED8185D6D43665 /* Pods-JSONAPIExample.debug.xcconfig */,
				CD33DA29B82EB7BDBF601D5D /* Pods-JSONAPIExample.release.xcconfig */,
			);
			name = Pods;
			path = Pods;
			sourceTree = "<group>";
		};
/* End PBXGroup section */

/* Begin PBXNativeTarget section */
		72C54C6426BA7DDC00915CF1 /* JSONAPIExample */ = {
			isa = PBXNativeTarget;
			buildConfigurationList = 72C54C7926BA7DDE00915CF1 /* Build configuration list for PBXNativeTarget "JSONAPIExample" */;
			buildPhases = (
				2DB63618FDCDFB839B72E93B /* [CP] Check Pods Manifest.lock */,
				72C54C6126BA7DDC00915CF1 /* Sources */,
				72C54C6226BA7DDC00915CF1 /* Frameworks */,
				72C54C6326BA7DDC00915CF1 /* Resources */,
				CF9BB80C954E445ADD781CDD /* [CP] Embed Pods Frameworks */,
			);
			buildRules = (
			);
			dependencies = (
			);
			name = JSONAPIExample;
			productName = JSONAPIExample;
			productReference = 72C54C6526BA7DDC00915CF1 /* JSONAPIExample.app */;
			productType = "com.apple.product-type.application";
		};
/* End PBXNativeTarget section */

/* Begin PBXProject section */
		72C54C5D26BA7DDC00915CF1 /* Project object */ = {
			isa = PBXProject;
			attributes = {
				LastSwiftUpdateCheck = 1250;
				LastUpgradeCheck = 1250;
				TargetAttributes = {
					72C54C6426BA7DDC00915CF1 = {
						CreatedOnToolsVersion = 12.5;
					};
				};
			};
			buildConfigurationList = 72C54C6026BA7DDC00915CF1 /* Build configuration list for PBXProject "JSONAPIExample" */;
			compatibilityVersion = "Xcode 9.3";
			developmentRegion = en;
			hasScannedForEncodings = 0;
			knownRegions = (
				en,
				Base,
			);
			mainGroup = 72C54C5C26BA7DDC00915CF1;
			productRefGroup = 72C54C6626BA7DDC00915CF1 /* Products */;
			projectDirPath = "";
			projectRoot = "";
			targets = (
				72C54C6426BA7DDC00915CF1 /* JSONAPIExample */,
			);
		};
/* End PBXProject section */

/* Begin PBXResourcesBuildPhase section */
		72C54C6326BA7DDC00915CF1 /* Resources */ = {
			isa = PBXResourcesBuildPhase;
			buildActionMask = 2147483647;
			files = (
				72C54C7526BA7DDE00915CF1 /* LaunchScreen.storyboard in Resources */,
				72C54C7226BA7DDE00915CF1 /* Assets.xcassets in Resources */,
				72C54C7026BA7DDC00915CF1 /* Main.storyboard in Resources */,
			);
			runOnlyForDeploymentPostprocessing = 0;
		};
/* End PBXResourcesBuildPhase section */

/* Begin PBXShellScriptBuildPhase section */
		2DB63618FDCDFB839B72E93B /* [CP] Check Pods Manifest.lock */ = {
			isa = PBXShellScriptBuildPhase;
			buildActionMask = 2147483647;
			files = (
			);
			inputFileListPaths = (
			);
			inputPaths = (
				"${PODS_PODFILE_DIR_PATH}/Podfile.lock",
				"${PODS_ROOT}/Manifest.lock",
			);
			name = "[CP] Check Pods Manifest.lock";
			outputFileListPaths = (
			);
			outputPaths = (
				"$(DERIVED_FILE_DIR)/Pods-JSONAPIExample-checkManifestLockResult.txt",
			);
			runOnlyForDeploymentPostprocessing = 0;
			shellPath = /bin/sh;
			shellScript = "diff \"${PODS_PODFILE_DIR_PATH}/Podfile.lock\" \"${PODS_ROOT}/Manifest.lock\" > /dev/null\nif [ $? != 0 ] ; then\n    # print error to STDERR\n    echo \"error: The sandbox is not in sync with the Podfile.lock. Run 'pod install' or update your CocoaPods installation.\" >&2\n    exit 1\nfi\n# This output is used by Xcode 'outputs' to avoid re-running this script phase.\necho \"SUCCESS\" > \"${SCRIPT_OUTPUT_FILE_0}\"\n";
			showEnvVarsInLog = 0;
		};
		CF9BB80C954E445ADD781CDD /* [CP] Embed Pods Frameworks */ = {
			isa = PBXShellScriptBuildPhase;
			buildActionMask = 2147483647;
			files = (
			);
			inputFileListPaths = (
				"${PODS_ROOT}/Target Support Files/Pods-JSONAPIExample/Pods-JSONAPIExample-frameworks-${CONFIGURATION}-input-files.xcfilelist",
			);
			name = "[CP] Embed Pods Frameworks";
			outputFileListPaths = (
				"${PODS_ROOT}/Target Support Files/Pods-JSONAPIExample/Pods-JSONAPIExample-frameworks-${CONFIGURATION}-output-files.xcfilelist",
			);
			runOnlyForDeploymentPostprocessing = 0;
			shellPath = /bin/sh;
			shellScript = "\"${PODS_ROOT}/Target Support Files/Pods-JSONAPIExample/Pods-JSONAPIExample-frameworks.sh\"\n";
			showEnvVarsInLog = 0;
		};
/* End PBXShellScriptBuildPhase section */

/* Begin PBXSourcesBuildPhase section */
		72C54C6126BA7DDC00915CF1 /* Sources */ = {
			isa = PBXSourcesBuildPhase;
			buildActionMask = 2147483647;
			files = (
				72C54C6D26BA7DDC00915CF1 /* ViewController.swift in Sources */,
				72C54C6926BA7DDC00915CF1 /* AppDelegate.swift in Sources */,
				72C54C6B26BA7DDC00915CF1 /* SceneDelegate.swift in Sources */,
			);
			runOnlyForDeploymentPostprocessing = 0;
		};
/* End PBXSourcesBuildPhase section */

/* Begin PBXVariantGroup section */
		72C54C6E26BA7DDC00915CF1 /* Main.storyboard */ = {
			isa = PBXVariantGroup;
			children = (
				72C54C6F26BA7DDC00915CF1 /* Base */,
			);
			name = Main.storyboard;
			sourceTree = "<group>";
		};
		72C54C7326BA7DDE00915CF1 /* LaunchScreen.storyboard */ = {
			isa = PBXVariantGroup;
			children = (
				72C54C7426BA7DDE00915CF1 /* Base */,
			);
			name = LaunchScreen.storyboard;
			sourceTree = "<group>";
		};
/* End PBXVariantGroup section */

/* Begin XCBuildConfiguration section */
		72C54C7726BA7DDE00915CF1 /* Debug */ = {
			isa = XCBuildConfiguration;
			buildSettings = {
				ALWAYS_SEARCH_USER_PATHS = NO;
				CLANG_ANALYZER_NONNULL = YES;
				CLANG_ANALYZER_NUMBER_OBJECT_CONVERSION = YES_AGGRESSIVE;
				CLANG_CXX_LANGUAGE_STANDARD = "gnu++14";
				CLANG_CXX_LIBRARY = "libc++";
				CLANG_ENABLE_MODULES = YES;
				CLANG_ENABLE_OBJC_ARC = YES;
				CLANG_ENABLE_OBJC_WEAK = YES;
				CLANG_WARN_BLOCK_CAPTURE_AUTORELEASING = YES;
				CLANG_WARN_BOOL_CONVERSION = YES;
				CLANG_WARN_COMMA = YES;
				CLANG_WARN_CONSTANT_CONVERSION = YES;
				CLANG_WARN_DEPRECATED_OBJC_IMPLEMENTATIONS = YES;
				CLANG_WARN_DIRECT_OBJC_ISA_USAGE = YES_ERROR;
				CLANG_WARN_DOCUMENTATION_COMMENTS = YES;
				CLANG_WARN_EMPTY_BODY = YES;
				CLANG_WARN_ENUM_CONVERSION = YES;
				CLANG_WARN_INFINITE_RECURSION = YES;
				CLANG_WARN_INT_CONVERSION = YES;
				CLANG_WARN_NON_LITERAL_NULL_CONVERSION = YES;
				CLANG_WARN_OBJC_IMPLICIT_RETAIN_SELF = YES;
				CLANG_WARN_OBJC_LITERAL_CONVERSION = YES;
				CLANG_WARN_OBJC_ROOT_CLASS = YES_ERROR;
				CLANG_WARN_QUOTED_INCLUDE_IN_FRAMEWORK_HEADER = YES;
				CLANG_WARN_RANGE_LOOP_ANALYSIS = YES;
				CLANG_WARN_STRICT_PROTOTYPES = YES;
				CLANG_WARN_SUSPICIOUS_MOVE = YES;
				CLANG_WARN_UNGUARDED_AVAILABILITY = YES_AGGRESSIVE;
				CLANG_WARN_UNREACHABLE_CODE = YES;
				CLANG_WARN__DUPLICATE_METHOD_MATCH = YES;
				COPY_PHASE_STRIP = NO;
				DEBUG_INFORMATION_FORMAT = dwarf;
				ENABLE_STRICT_OBJC_MSGSEND = YES;
				ENABLE_TESTABILITY = YES;
				GCC_C_LANGUAGE_STANDARD = gnu11;
				GCC_DYNAMIC_NO_PIC = NO;
				GCC_NO_COMMON_BLOCKS = YES;
				GCC_OPTIMIZATION_LEVEL = 0;
				GCC_PREPROCESSOR_DEFINITIONS = (
					"DEBUG=1",
					"$(inherited)",
				);
				GCC_WARN_64_TO_32_BIT_CONVERSION = YES;
				GCC_WARN_ABOUT_RETURN_TYPE = YES_ERROR;
				GCC_WARN_UNDECLARED_SELECTOR = YES;
				GCC_WARN_UNINITIALIZED_AUTOS = YES_AGGRESSIVE;
				GCC_WARN_UNUSED_FUNCTION = YES;
				GCC_WARN_UNUSED_VARIABLE = YES;
				IPHONEOS_DEPLOYMENT_TARGET = 14.1;
				MTL_ENABLE_DEBUG_INFO = INCLUDE_SOURCE;
				MTL_FAST_MATH = YES;
				ONLY_ACTIVE_ARCH = YES;
				SDKROOT = iphoneos;
				SWIFT_ACTIVE_COMPILATION_CONDITIONS = DEBUG;
				SWIFT_OPTIMIZATION_LEVEL = "-Onone";
			};
			name = Debug;
		};
		72C54C7826BA7DDE00915CF1 /* Release */ = {
			isa = XCBuildConfiguration;
			buildSettings = {
				ALWAYS_SEARCH_USER_PATHS = NO;
				CLANG_ANALYZER_NONNULL = YES;
				CLANG_ANALYZER_NUMBER_OBJECT_CONVERSION = YES_AGGRESSIVE;
				CLANG_CXX_LANGUAGE_STANDARD = "gnu++14";
				CLANG_CXX_LIBRARY = "libc++";
				CLANG_ENABLE_MODULES = YES;
				CLANG_ENABLE_OBJC_ARC = YES;
				CLANG_ENABLE_OBJC_WEAK = YES;
				CLANG_WARN_BLOCK_CAPTURE_AUTORELEASING = YES;
				CLANG_WARN_BOOL_CONVERSION = YES;
				CLANG_WARN_COMMA = YES;
				CLANG_WARN_CONSTANT_CONVERSION = YES;
				CLANG_WARN_DEPRECATED_OBJC_IMPLEMENTATIONS = YES;
				CLANG_WARN_DIRECT_OBJC_ISA_USAGE = YES_ERROR;
				CLANG_WARN_DOCUMENTATION_COMMENTS = YES;
				CLANG_WARN_EMPTY_BODY = YES;
				CLANG_WARN_ENUM_CONVERSION = YES;
				CLANG_WARN_INFINITE_RECURSION = YES;
				CLANG_WARN_INT_CONVERSION = YES;
				CLANG_WARN_NON_LITERAL_NULL_CONVERSION = YES;
				CLANG_WARN_OBJC_IMPLICIT_RETAIN_SELF = YES;
				CLANG_WARN_OBJC_LITERAL_CONVERSION = YES;
				CLANG_WARN_OBJC_ROOT_CLASS = YES_ERROR;
				CLANG_WARN_QUOTED_INCLUDE_IN_FRAMEWORK_HEADER = YES;
				CLANG_WARN_RANGE_LOOP_ANALYSIS = YES;
				CLANG_WARN_STRICT_PROTOTYPES = YES;
				CLANG_WARN_SUSPICIOUS_MOVE = YES;
				CLANG_WARN_UNGUARDED_AVAILABILITY = YES_AGGRESSIVE;
				CLANG_WARN_UNREACHABLE_CODE = YES;
				CLANG_WARN__DUPLICATE_METHOD_MATCH = YES;
				COPY_PHASE_STRIP = NO;
				DEBUG_INFORMATION_FORMAT = "dwarf-with-dsym";
				ENABLE_NS_ASSERTIONS = NO;
				ENABLE_STRICT_OBJC_MSGSEND = YES;
				GCC_C_LANGUAGE_STANDARD = gnu11;
				GCC_NO_COMMON_BLOCKS = YES;
				GCC_WARN_64_TO_32_BIT_CONVERSION = YES;
				GCC_WARN_ABOUT_RETURN_TYPE = YES_ERROR;
				GCC_WARN_UNDECLARED_SELECTOR = YES;
				GCC_WARN_UNINITIALIZED_AUTOS = YES_AGGRESSIVE;
				GCC_WARN_UNUSED_FUNCTION = YES;
				GCC_WARN_UNUSED_VARIABLE = YES;
				IPHONEOS_DEPLOYMENT_TARGET = 14.1;
				MTL_ENABLE_DEBUG_INFO = NO;
				MTL_FAST_MATH = YES;
				SDKROOT = iphoneos;
				SWIFT_COMPILATION_MODE = wholemodule;
				SWIFT_OPTIMIZATION_LEVEL = "-O";
				VALIDATE_PRODUCT = YES;
			};
			name = Release;
		};
		72C54C7A26BA7DDE00915CF1 /* Debug */ = {
			isa = XCBuildConfiguration;
			baseConfigurationReference = E57CCC89F7ED8185D6D43665 /* Pods-JSONAPIExample.debug.xcconfig */;
			buildSettings = {
				ASSETCATALOG_COMPILER_APPICON_NAME = AppIcon;
				ASSETCATALOG_COMPILER_GLOBAL_ACCENT_COLOR_NAME = AccentColor;
				CODE_SIGN_STYLE = Automatic;
				DEVELOPMENT_TEAM = USY8DR6535;
				INFOPLIST_FILE = JSONAPIExample/Info.plist;
				LD_RUNPATH_SEARCH_PATHS = (
					"$(inherited)",
					"@executable_path/Frameworks",
				);
				PRODUCT_BUNDLE_IDENTIFIER = com.junho.develop.JSONAPIExample;
				PRODUCT_NAME = "$(TARGET_NAME)";
				SWIFT_VERSION = 5.0;
				TARGETED_DEVICE_FAMILY = "1,2";
			};
			name = Debug;
		};
		72C54C7B26BA7DDE00915CF1 /* Release */ = {
			isa = XCBuildConfiguration;
			baseConfigurationReference = CD33DA29B82EB7BDBF601D5D /* Pods-JSONAPIExample.release.xcconfig */;
			buildSettings = {
				ASSETCATALOG_COMPILER_APPICON_NAME = AppIcon;
				ASSETCATALOG_COMPILER_GLOBAL_ACCENT_COLOR_NAME = AccentColor;
				CODE_SIGN_STYLE = Automatic;
				DEVELOPMENT_TEAM = USY8DR6535;
				INFOPLIST_FILE = JSONAPIExample/Info.plist;
				LD_RUNPATH_SEARCH_PATHS = (
					"$(inherited)",
					"@executable_path/Frameworks",
				);
				PRODUCT_BUNDLE_IDENTIFIER = com.junho.develop.JSONAPIExample;
				PRODUCT_NAME = "$(TARGET_NAME)";
				SWIFT_VERSION = 5.0;
				TARGETED_DEVICE_FAMILY = "1,2";
			};
			name = Release;
		};
/* End XCBuildConfiguration section */

/* Begin XCConfigurationList section */
		72C54C6026BA7DDC00915CF1 /* Build configuration list for PBXProject "JSONAPIExample" */ = {
			isa = XCConfigurationList;
			buildConfigurations = (
				72C54C7726BA7DDE00915CF1 /* Debug */,
				72C54C7826BA7DDE00915CF1 /* Release */,
			);
			defaultConfigurationIsVisible = 0;
			defaultConfigurationName = Release;
		};
		72C54C7926BA7DDE00915CF1 /* Build configuration list for PBXNativeTarget "JSONAPIExample" */ = {
			isa = XCConfigurationList;
			buildConfigurations = (
				72C54C7A26BA7DDE00915CF1 /* Debug */,
				72C54C7B26BA7DDE00915CF1 /* Release */,
			);
			defaultConfigurationIsVisible = 0;
			defaultConfigurationName = Release;
		};
/* End XCConfigurationList section */
	};
	rootObject = 72C54C5D26BA7DDC00915CF1 /* Project object */;
}
