// !$*UTF8*$!
{
	archiveVersion = 1;
	classes = {
	};
	objectVersion = 50;
	objects = {

/* Begin PBXBuildFile section */
		72B4FF372644EA7B00D5501D /* AppDelegate.swift in Sources */ = {isa = PBXBuildFile; fileRef = 72B4FF362644EA7B00D5501D /* AppDelegate.swift */; };
		72B4FF392644EA7B00D5501D /* SceneDelegate.swift in Sources */ = {isa = PBXBuildFile; fileRef = 72B4FF382644EA7B00D5501D /* SceneDelegate.swift */; };
		72B4FF3B2644EA7B00D5501D /* ViewController.swift in Sources */ = {isa = PBXBuildFile; fileRef = 72B4FF3A2644EA7B00D5501D /* ViewController.swift */; };
		72B4FF3E2644EA7B00D5501D /* Main.storyboard in Resources */ = {isa = PBXBuildFile; fileRef = 72B4FF3C2644EA7B00D5501D /* Main.storyboard */; };
		72B4FF402644EA7C00D5501D /* Assets.xcassets in Resources */ = {isa = PBXBuildFile; fileRef = 72B4FF3F2644EA7C00D5501D /* Assets.xcassets */; };
		72B4FF432644EA7C00D5501D /* LaunchScreen.storyboard in Resources */ = {isa = PBXBuildFile; fileRef = 72B4FF412644EA7C00D5501D /* LaunchScreen.storyboard */; };
		72B4FF4E2644EA7D00D5501D /* VideoEditorAppTests.swift in Sources */ = {isa = PBXBuildFile; fileRef = 72B4FF4D2644EA7D00D5501D /* VideoEditorAppTests.swift */; };
		72B4FF592644EA7D00D5501D /* VideoEditorAppUITests.swift in Sources */ = {isa = PBXBuildFile; fileRef = 72B4FF582644EA7D00D5501D /* VideoEditorAppUITests.swift */; };
/* End PBXBuildFile section */

/* Begin PBXContainerItemProxy section */
		72B4FF4A2644EA7D00D5501D /* PBXContainerItemProxy */ = {
			isa = PBXContainerItemProxy;
			containerPortal = 72B4FF2B2644EA7B00D5501D /* Project object */;
			proxyType = 1;
			remoteGlobalIDString = 72B4FF322644EA7B00D5501D;
			remoteInfo = VideoEditorApp;
		};
		72B4FF552644EA7D00D5501D /* PBXContainerItemProxy */ = {
			isa = PBXContainerItemProxy;
			containerPortal = 72B4FF2B2644EA7B00D5501D /* Project object */;
			proxyType = 1;
			remoteGlobalIDString = 72B4FF322644EA7B00D5501D;
			remoteInfo = VideoEditorApp;
		};
/* End PBXContainerItemProxy section */

/* Begin PBXFileReference section */
		72B4FF332644EA7B00D5501D /* VideoEditorApp.app */ = {isa = PBXFileReference; explicitFileType = wrapper.application; includeInIndex = 0; path = VideoEditorApp.app; sourceTree = BUILT_PRODUCTS_DIR; };
		72B4FF362644EA7B00D5501D /* AppDelegate.swift */ = {isa = PBXFileReference; lastKnownFileType = sourcecode.swift; path = AppDelegate.swift; sourceTree = "<group>"; };
		72B4FF382644EA7B00D5501D /* SceneDelegate.swift */ = {isa = PBXFileReference; lastKnownFileType = sourcecode.swift; path = SceneDelegate.swift; sourceTree = "<group>"; };
		72B4FF3A2644EA7B00D5501D /* ViewController.swift */ = {isa = PBXFileReference; lastKnownFileType = sourcecode.swift; path = ViewController.swift; sourceTree = "<group>"; };
		72B4FF3D2644EA7B00D5501D /* Base */ = {isa = PBXFileReference; lastKnownFileType = file.storyboard; name = Base; path = Base.lproj/Main.storyboard; sourceTree = "<group>"; };
		72B4FF3F2644EA7C00D5501D /* Assets.xcassets */ = {isa = PBXFileReference; lastKnownFileType = folder.assetcatalog; path = Assets.xcassets; sourceTree = "<group>"; };
		72B4FF422644EA7C00D5501D /* Base */ = {isa = PBXFileReference; lastKnownFileType = file.storyboard; name = Base; path = Base.lproj/LaunchScreen.storyboard; sourceTree = "<group>"; };
		72B4FF442644EA7C00D5501D /* Info.plist */ = {isa = PBXFileReference; lastKnownFileType = text.plist.xml; path = Info.plist; sourceTree = "<group>"; };
		72B4FF492644EA7D00D5501D /* VideoEditorAppTests.xctest */ = {isa = PBXFileReference; explicitFileType = wrapper.cfbundle; includeInIndex = 0; path = VideoEditorAppTests.xctest; sourceTree = BUILT_PRODUCTS_DIR; };
		72B4FF4D2644EA7D00D5501D /* VideoEditorAppTests.swift */ = {isa = PBXFileReference; lastKnownFileType = sourcecode.swift; path = VideoEditorAppTests.swift; sourceTree = "<group>"; };
		72B4FF4F2644EA7D00D5501D /* Info.plist */ = {isa = PBXFileReference; lastKnownFileType = text.plist.xml; path = Info.plist; sourceTree = "<group>"; };
		72B4FF542644EA7D00D5501D /* VideoEditorAppUITests.xctest */ = {isa = PBXFileReference; explicitFileType = wrapper.cfbundle; includeInIndex = 0; path = VideoEditorAppUITests.xctest; sourceTree = BUILT_PRODUCTS_DIR; };
		72B4FF582644EA7D00D5501D /* VideoEditorAppUITests.swift */ = {isa = PBXFileReference; lastKnownFileType = sourcecode.swift; path = VideoEditorAppUITests.swift; sourceTree = "<group>"; };
		72B4FF5A2644EA7D00D5501D /* Info.plist */ = {isa = PBXFileReference; lastKnownFileType = text.plist.xml; path = Info.plist; sourceTree = "<group>"; };
/* End PBXFileReference section */

/* Begin PBXFrameworksBuildPhase section */
		72B4FF302644EA7B00D5501D /* Frameworks */ = {
			isa = PBXFrameworksBuildPhase;
			buildActionMask = 2147483647;
			files = (
			);
			runOnlyForDeploymentPostprocessing = 0;
		};
		72B4FF462644EA7D00D5501D /* Frameworks */ = {
			isa = PBXFrameworksBuildPhase;
			buildActionMask = 2147483647;
			files = (
			);
			runOnlyForDeploymentPostprocessing = 0;
		};
		72B4FF512644EA7D00D5501D /* Frameworks */ = {
			isa = PBXFrameworksBuildPhase;
			buildActionMask = 2147483647;
			files = (
			);
			runOnlyForDeploymentPostprocessing = 0;
		};
/* End PBXFrameworksBuildPhase section */

/* Begin PBXGroup section */
		72B4FF2A2644EA7B00D5501D = {
			isa = PBXGroup;
			children = (
				72B4FF352644EA7B00D5501D /* VideoEditorApp */,
				72B4FF4C2644EA7D00D5501D /* VideoEditorAppTests */,
				72B4FF572644EA7D00D5501D /* VideoEditorAppUITests */,
				72B4FF342644EA7B00D5501D /* Products */,
			);
			sourceTree = "<group>";
		};
		72B4FF342644EA7B00D5501D /* Products */ = {
			isa = PBXGroup;
			children = (
				72B4FF332644EA7B00D5501D /* VideoEditorApp.app */,
				72B4FF492644EA7D00D5501D /* VideoEditorAppTests.xctest */,
				72B4FF542644EA7D00D5501D /* VideoEditorAppUITests.xctest */,
			);
			name = Products;
			sourceTree = "<group>";
		};
		72B4FF352644EA7B00D5501D /* VideoEditorApp */ = {
			isa = PBXGroup;
			children = (
				72B4FF362644EA7B00D5501D /* AppDelegate.swift */,
				72B4FF382644EA7B00D5501D /* SceneDelegate.swift */,
				72B4FF3A2644EA7B00D5501D /* ViewController.swift */,
				72B4FF3C2644EA7B00D5501D /* Main.storyboard */,
				72B4FF3F2644EA7C00D5501D /* Assets.xcassets */,
				72B4FF412644EA7C00D5501D /* LaunchScreen.storyboard */,
				72B4FF442644EA7C00D5501D /* Info.plist */,
			);
			path = VideoEditorApp;
			sourceTree = "<group>";
		};
		72B4FF4C2644EA7D00D5501D /* VideoEditorAppTests */ = {
			isa = PBXGroup;
			children = (
				72B4FF4D2644EA7D00D5501D /* VideoEditorAppTests.swift */,
				72B4FF4F2644EA7D00D5501D /* Info.plist */,
			);
			path = VideoEditorAppTests;
			sourceTree = "<group>";
		};
		72B4FF572644EA7D00D5501D /* VideoEditorAppUITests */ = {
			isa = PBXGroup;
			children = (
				72B4FF582644EA7D00D5501D /* VideoEditorAppUITests.swift */,
				72B4FF5A2644EA7D00D5501D /* Info.plist */,
			);
			path = VideoEditorAppUITests;
			sourceTree = "<group>";
		};
/* End PBXGroup section */

/* Begin PBXNativeTarget section */
		72B4FF322644EA7B00D5501D /* VideoEditorApp */ = {
			isa = PBXNativeTarget;
			buildConfigurationList = 72B4FF5D2644EA7D00D5501D /* Build configuration list for PBXNativeTarget "VideoEditorApp" */;
			buildPhases = (
				72B4FF2F2644EA7B00D5501D /* Sources */,
				72B4FF302644EA7B00D5501D /* Frameworks */,
				72B4FF312644EA7B00D5501D /* Resources */,
			);
			buildRules = (
			);
			dependencies = (
			);
			name = VideoEditorApp;
			productName = VideoEditorApp;
			productReference = 72B4FF332644EA7B00D5501D /* VideoEditorApp.app */;
			productType = "com.apple.product-type.application";
		};
		72B4FF482644EA7D00D5501D /* VideoEditorAppTests */ = {
			isa = PBXNativeTarget;
			buildConfigurationList = 72B4FF602644EA7D00D5501D /* Build configuration list for PBXNativeTarget "VideoEditorAppTests" */;
			buildPhases = (
				72B4FF452644EA7D00D5501D /* Sources */,
				72B4FF462644EA7D00D5501D /* Frameworks */,
				72B4FF472644EA7D00D5501D /* Resources */,
			);
			buildRules = (
			);
			dependencies = (
				72B4FF4B2644EA7D00D5501D /* PBXTargetDependency */,
			);
			name = VideoEditorAppTests;
			productName = VideoEditorAppTests;
			productReference = 72B4FF492644EA7D00D5501D /* VideoEditorAppTests.xctest */;
			productType = "com.apple.product-type.bundle.unit-test";
		};
		72B4FF532644EA7D00D5501D /* VideoEditorAppUITests */ = {
			isa = PBXNativeTarget;
			buildConfigurationList = 72B4FF632644EA7D00D5501D /* Build configuration list for PBXNativeTarget "VideoEditorAppUITests" */;
			buildPhases = (
				72B4FF502644EA7D00D5501D /* Sources */,
				72B4FF512644EA7D00D5501D /* Frameworks */,
				72B4FF522644EA7D00D5501D /* Resources */,
			);
			buildRules = (
			);
			dependencies = (
				72B4FF562644EA7D00D5501D /* PBXTargetDependency */,
			);
			name = VideoEditorAppUITests;
			productName = VideoEditorAppUITests;
			productReference = 72B4FF542644EA7D00D5501D /* VideoEditorAppUITests.xctest */;
			productType = "com.apple.product-type.bundle.ui-testing";
		};
/* End PBXNativeTarget section */

/* Begin PBXProject section */
		72B4FF2B2644EA7B00D5501D /* Project object */ = {
			isa = PBXProject;
			attributes = {
				LastSwiftUpdateCheck = 1250;
				LastUpgradeCheck = 1250;
				TargetAttributes = {
					72B4FF322644EA7B00D5501D = {
						CreatedOnToolsVersion = 12.5;
					};
					72B4FF482644EA7D00D5501D = {
						CreatedOnToolsVersion = 12.5;
						TestTargetID = 72B4FF322644EA7B00D5501D;
					};
					72B4FF532644EA7D00D5501D = {
						CreatedOnToolsVersion = 12.5;
						TestTargetID = 72B4FF322644EA7B00D5501D;
					};
				};
			};
			buildConfigurationList = 72B4FF2E2644EA7B00D5501D /* Build configuration list for PBXProject "VideoEditorApp" */;
			compatibilityVersion = "Xcode 9.3";
			developmentRegion = en;
			hasScannedForEncodings = 0;
			knownRegions = (
				en,
				Base,
			);
			mainGroup = 72B4FF2A2644EA7B00D5501D;
			productRefGroup = 72B4FF342644EA7B00D5501D /* Products */;
			projectDirPath = "";
			projectRoot = "";
			targets = (
				72B4FF322644EA7B00D5501D /* VideoEditorApp */,
				72B4FF482644EA7D00D5501D /* VideoEditorAppTests */,
				72B4FF532644EA7D00D5501D /* VideoEditorAppUITests */,
			);
		};
/* End PBXProject section */

/* Begin PBXResourcesBuildPhase section */
		72B4FF312644EA7B00D5501D /* Resources */ = {
			isa = PBXResourcesBuildPhase;
			buildActionMask = 2147483647;
			files = (
				72B4FF432644EA7C00D5501D /* LaunchScreen.storyboard in Resources */,
				72B4FF402644EA7C00D5501D /* Assets.xcassets in Resources */,
				72B4FF3E2644EA7B00D5501D /* Main.storyboard in Resources */,
			);
			runOnlyForDeploymentPostprocessing = 0;
		};
		72B4FF472644EA7D00D5501D /* Resources */ = {
			isa = PBXResourcesBuildPhase;
			buildActionMask = 2147483647;
			files = (
			);
			runOnlyForDeploymentPostprocessing = 0;
		};
		72B4FF522644EA7D00D5501D /* Resources */ = {
			isa = PBXResourcesBuildPhase;
			buildActionMask = 2147483647;
			files = (
			);
			runOnlyForDeploymentPostprocessing = 0;
		};
/* End PBXResourcesBuildPhase section */

/* Begin PBXSourcesBuildPhase section */
		72B4FF2F2644EA7B00D5501D /* Sources */ = {
			isa = PBXSourcesBuildPhase;
			buildActionMask = 2147483647;
			files = (
				72B4FF3B2644EA7B00D5501D /* ViewController.swift in Sources */,
				72B4FF372644EA7B00D5501D /* AppDelegate.swift in Sources */,
				72B4FF392644EA7B00D5501D /* SceneDelegate.swift in Sources */,
			);
			runOnlyForDeploymentPostprocessing = 0;
		};
		72B4FF452644EA7D00D5501D /* Sources */ = {
			isa = PBXSourcesBuildPhase;
			buildActionMask = 2147483647;
			files = (
				72B4FF4E2644EA7D00D5501D /* VideoEditorAppTests.swift in Sources */,
			);
			runOnlyForDeploymentPostprocessing = 0;
		};
		72B4FF502644EA7D00D5501D /* Sources */ = {
			isa = PBXSourcesBuildPhase;
			buildActionMask = 2147483647;
			files = (
				72B4FF592644EA7D00D5501D /* VideoEditorAppUITests.swift in Sources */,
			);
			runOnlyForDeploymentPostprocessing = 0;
		};
/* End PBXSourcesBuildPhase section */

/* Begin PBXTargetDependency section */
		72B4FF4B2644EA7D00D5501D /* PBXTargetDependency */ = {
			isa = PBXTargetDependency;
			target = 72B4FF322644EA7B00D5501D /* VideoEditorApp */;
			targetProxy = 72B4FF4A2644EA7D00D5501D /* PBXContainerItemProxy */;
		};
		72B4FF562644EA7D00D5501D /* PBXTargetDependency */ = {
			isa = PBXTargetDependency;
			target = 72B4FF322644EA7B00D5501D /* VideoEditorApp */;
			targetProxy = 72B4FF552644EA7D00D5501D /* PBXContainerItemProxy */;
		};
/* End PBXTargetDependency section */

/* Begin PBXVariantGroup section */
		72B4FF3C2644EA7B00D5501D /* Main.storyboard */ = {
			isa = PBXVariantGroup;
			children = (
				72B4FF3D2644EA7B00D5501D /* Base */,
			);
			name = Main.storyboard;
			sourceTree = "<group>";
		};
		72B4FF412644EA7C00D5501D /* LaunchScreen.storyboard */ = {
			isa = PBXVariantGroup;
			children = (
				72B4FF422644EA7C00D5501D /* Base */,
			);
			name = LaunchScreen.storyboard;
			sourceTree = "<group>";
		};
/* End PBXVariantGroup section */

/* Begin XCBuildConfiguration section */
		72B4FF5B2644EA7D00D5501D /* Debug */ = {
			isa = XCBuildConfiguration;
			buildSettings = {
				ALWAYS_SEARCH_USER_PATHS = NO;
				CLANG_ANALYZER_NONNULL = YES;
				CLANG_ANALYZER_NUMBER_OBJECT_CONVERSION = YES_AGGRESSIVE;
				CLANG_CXX_LANGUAGE_STANDARD = "gnu++14";
				CLANG_CXX_LIBRARY = "libc++";
				CLANG_ENABLE_MODULES = YES;
				CLANG_ENABLE_OBJC_ARC = YES;
				CLANG_ENABLE_OBJC_WEAK = YES;
				CLANG_WARN_BLOCK_CAPTURE_AUTORELEASING = YES;
				CLANG_WARN_BOOL_CONVERSION = YES;
				CLANG_WARN_COMMA = YES;
				CLANG_WARN_CONSTANT_CONVERSION = YES;
				CLANG_WARN_DEPRECATED_OBJC_IMPLEMENTATIONS = YES;
				CLANG_WARN_DIRECT_OBJC_ISA_USAGE = YES_ERROR;
				CLANG_WARN_DOCUMENTATION_COMMENTS = YES;
				CLANG_WARN_EMPTY_BODY = YES;
				CLANG_WARN_ENUM_CONVERSION = YES;
				CLANG_WARN_INFINITE_RECURSION = YES;
				CLANG_WARN_INT_CONVERSION = YES;
				CLANG_WARN_NON_LITERAL_NULL_CONVERSION = YES;
				CLANG_WARN_OBJC_IMPLICIT_RETAIN_SELF = YES;
				CLANG_WARN_OBJC_LITERAL_CONVERSION = YES;
				CLANG_WARN_OBJC_ROOT_CLASS = YES_ERROR;
				CLANG_WARN_QUOTED_INCLUDE_IN_FRAMEWORK_HEADER = YES;
				CLANG_WARN_RANGE_LOOP_ANALYSIS = YES;
				CLANG_WARN_STRICT_PROTOTYPES = YES;
				CLANG_WARN_SUSPICIOUS_MOVE = YES;
				CLANG_WARN_UNGUARDED_AVAILABILITY = YES_AGGRESSIVE;
				CLANG_WARN_UNREACHABLE_CODE = YES;
				CLANG_WARN__DUPLICATE_METHOD_MATCH = YES;
				COPY_PHASE_STRIP = NO;
				DEBUG_INFORMATION_FORMAT = dwarf;
				ENABLE_STRICT_OBJC_MSGSEND = YES;
				ENABLE_TESTABILITY = YES;
				GCC_C_LANGUAGE_STANDARD = gnu11;
				GCC_DYNAMIC_NO_PIC = NO;
				GCC_NO_COMMON_BLOCKS = YES;
				GCC_OPTIMIZATION_LEVEL = 0;
				GCC_PREPROCESSOR_DEFINITIONS = (
					"DEBUG=1",
					"$(inherited)",
				);
				GCC_WARN_64_TO_32_BIT_CONVERSION = YES;
				GCC_WARN_ABOUT_RETURN_TYPE = YES_ERROR;
				GCC_WARN_UNDECLARED_SELECTOR = YES;
				GCC_WARN_UNINITIALIZED_AUTOS = YES_AGGRESSIVE;
				GCC_WARN_UNUSED_FUNCTION = YES;
				GCC_WARN_UNUSED_VARIABLE = YES;
				IPHONEOS_DEPLOYMENT_TARGET = 14.5;
				MTL_ENABLE_DEBUG_INFO = INCLUDE_SOURCE;
				MTL_FAST_MATH = YES;
				ONLY_ACTIVE_ARCH = YES;
				SDKROOT = iphoneos;
				SWIFT_ACTIVE_COMPILATION_CONDITIONS = DEBUG;
				SWIFT_OPTIMIZATION_LEVEL = "-Onone";
			};
			name = Debug;
		};
		72B4FF5C2644EA7D00D5501D /* Release */ = {
			isa = XCBuildConfiguration;
			buildSettings = {
				ALWAYS_SEARCH_USER_PATHS = NO;
				CLANG_ANALYZER_NONNULL = YES;
				CLANG_ANALYZER_NUMBER_OBJECT_CONVERSION = YES_AGGRESSIVE;
				CLANG_CXX_LANGUAGE_STANDARD = "gnu++14";
				CLANG_CXX_LIBRARY = "libc++";
				CLANG_ENABLE_MODULES = YES;
				CLANG_ENABLE_OBJC_ARC = YES;
				CLANG_ENABLE_OBJC_WEAK = YES;
				CLANG_WARN_BLOCK_CAPTURE_AUTORELEASING = YES;
				CLANG_WARN_BOOL_CONVERSION = YES;
				CLANG_WARN_COMMA = YES;
				CLANG_WARN_CONSTANT_CONVERSION = YES;
				CLANG_WARN_DEPRECATED_OBJC_IMPLEMENTATIONS = YES;
				CLANG_WARN_DIRECT_OBJC_ISA_USAGE = YES_ERROR;
				CLANG_WARN_DOCUMENTATION_COMMENTS = YES;
				CLANG_WARN_EMPTY_BODY = YES;
				CLANG_WARN_ENUM_CONVERSION = YES;
				CLANG_WARN_INFINITE_RECURSION = YES;
				CLANG_WARN_INT_CONVERSION = YES;
				CLANG_WARN_NON_LITERAL_NULL_CONVERSION = YES;
				CLANG_WARN_OBJC_IMPLICIT_RETAIN_SELF = YES;
				CLANG_WARN_OBJC_LITERAL_CONVERSION = YES;
				CLANG_WARN_OBJC_ROOT_CLASS = YES_ERROR;
				CLANG_WARN_QUOTED_INCLUDE_IN_FRAMEWORK_HEADER = YES;
				CLANG_WARN_RANGE_LOOP_ANALYSIS = YES;
				CLANG_WARN_STRICT_PROTOTYPES = YES;
				CLANG_WARN_SUSPICIOUS_MOVE = YES;
				CLANG_WARN_UNGUARDED_AVAILABILITY = YES_AGGRESSIVE;
				CLANG_WARN_UNREACHABLE_CODE = YES;
				CLANG_WARN__DUPLICATE_METHOD_MATCH = YES;
				COPY_PHASE_STRIP = NO;
				DEBUG_INFORMATION_FORMAT = "dwarf-with-dsym";
				ENABLE_NS_ASSERTIONS = NO;
				ENABLE_STRICT_OBJC_MSGSEND = YES;
				GCC_C_LANGUAGE_STANDARD = gnu11;
				GCC_NO_COMMON_BLOCKS = YES;
				GCC_WARN_64_TO_32_BIT_CONVERSION = YES;
				GCC_WARN_ABOUT_RETURN_TYPE = YES_ERROR;
				GCC_WARN_UNDECLARED_SELECTOR = YES;
				GCC_WARN_UNINITIALIZED_AUTOS = YES_AGGRESSIVE;
				GCC_WARN_UNUSED_FUNCTION = YES;
				GCC_WARN_UNUSED_VARIABLE = YES;
				IPHONEOS_DEPLOYMENT_TARGET = 14.5;
				MTL_ENABLE_DEBUG_INFO = NO;
				MTL_FAST_MATH = YES;
				SDKROOT = iphoneos;
				SWIFT_COMPILATION_MODE = wholemodule;
				SWIFT_OPTIMIZATION_LEVEL = "-O";
				VALIDATE_PRODUCT = YES;
			};
			name = Release;
		};
		72B4FF5E2644EA7D00D5501D /* Debug */ = {
			isa = XCBuildConfiguration;
			buildSettings = {
				ASSETCATALOG_COMPILER_APPICON_NAME = AppIcon;
				ASSETCATALOG_COMPILER_GLOBAL_ACCENT_COLOR_NAME = AccentColor;
				CODE_SIGN_STYLE = Automatic;
				DEVELOPMENT_TEAM = STRQXD44ML;
				INFOPLIST_FILE = VideoEditorApp/Info.plist;
				LD_RUNPATH_SEARCH_PATHS = (
					"$(inherited)",
					"@executable_path/Frameworks",
				);
				PRODUCT_BUNDLE_IDENTIFIER = com.junho.develop.VideoEditorApp;
				PRODUCT_NAME = "$(TARGET_NAME)";
				SWIFT_VERSION = 5.0;
				TARGETED_DEVICE_FAMILY = "1,2";
			};
			name = Debug;
		};
		72B4FF5F2644EA7D00D5501D /* Release */ = {
			isa = XCBuildConfiguration;
			buildSettings = {
				ASSETCATALOG_COMPILER_APPICON_NAME = AppIcon;
				ASSETCATALOG_COMPILER_GLOBAL_ACCENT_COLOR_NAME = AccentColor;
				CODE_SIGN_STYLE = Automatic;
				DEVELOPMENT_TEAM = STRQXD44ML;
				INFOPLIST_FILE = VideoEditorApp/Info.plist;
				LD_RUNPATH_SEARCH_PATHS = (
					"$(inherited)",
					"@executable_path/Frameworks",
				);
				PRODUCT_BUNDLE_IDENTIFIER = com.junho.develop.VideoEditorApp;
				PRODUCT_NAME = "$(TARGET_NAME)";
				SWIFT_VERSION = 5.0;
				TARGETED_DEVICE_FAMILY = "1,2";
			};
			name = Release;
		};
		72B4FF612644EA7D00D5501D /* Debug */ = {
			isa = XCBuildConfiguration;
			buildSettings = {
				ALWAYS_EMBED_SWIFT_STANDARD_LIBRARIES = YES;
				BUNDLE_LOADER = "$(TEST_HOST)";
				CODE_SIGN_STYLE = Automatic;
				DEVELOPMENT_TEAM = STRQXD44ML;
				INFOPLIST_FILE = VideoEditorAppTests/Info.plist;
				IPHONEOS_DEPLOYMENT_TARGET = 14.5;
				LD_RUNPATH_SEARCH_PATHS = (
					"$(inherited)",
					"@executable_path/Frameworks",
					"@loader_path/Frameworks",
				);
				PRODUCT_BUNDLE_IDENTIFIER = com.junho.develop.VideoEditorAppTests;
				PRODUCT_NAME = "$(TARGET_NAME)";
				SWIFT_VERSION = 5.0;
				TARGETED_DEVICE_FAMILY = "1,2";
				TEST_HOST = "$(BUILT_PRODUCTS_DIR)/VideoEditorApp.app/VideoEditorApp";
			};
			name = Debug;
		};
		72B4FF622644EA7D00D5501D /* Release */ = {
			isa = XCBuildConfiguration;
			buildSettings = {
				ALWAYS_EMBED_SWIFT_STANDARD_LIBRARIES = YES;
				BUNDLE_LOADER = "$(TEST_HOST)";
				CODE_SIGN_STYLE = Automatic;
				DEVELOPMENT_TEAM = STRQXD44ML;
				INFOPLIST_FILE = VideoEditorAppTests/Info.plist;
				IPHONEOS_DEPLOYMENT_TARGET = 14.5;
				LD_RUNPATH_SEARCH_PATHS = (
					"$(inherited)",
					"@executable_path/Frameworks",
					"@loader_path/Frameworks",
				);
				PRODUCT_BUNDLE_IDENTIFIER = com.junho.develop.VideoEditorAppTests;
				PRODUCT_NAME = "$(TARGET_NAME)";
				SWIFT_VERSION = 5.0;
				TARGETED_DEVICE_FAMILY = "1,2";
				TEST_HOST = "$(BUILT_PRODUCTS_DIR)/VideoEditorApp.app/VideoEditorApp";
			};
			name = Release;
		};
		72B4FF642644EA7D00D5501D /* Debug */ = {
			isa = XCBuildConfiguration;
			buildSettings = {
				ALWAYS_EMBED_SWIFT_STANDARD_LIBRARIES = YES;
				CODE_SIGN_STYLE = Automatic;
				DEVELOPMENT_TEAM = STRQXD44ML;
				INFOPLIST_FILE = VideoEditorAppUITests/Info.plist;
				LD_RUNPATH_SEARCH_PATHS = (
					"$(inherited)",
					"@executable_path/Frameworks",
					"@loader_path/Frameworks",
				);
				PRODUCT_BUNDLE_IDENTIFIER = com.junho.develop.VideoEditorAppUITests;
				PRODUCT_NAME = "$(TARGET_NAME)";
				SWIFT_VERSION = 5.0;
				TARGETED_DEVICE_FAMILY = "1,2";
				TEST_TARGET_NAME = VideoEditorApp;
			};
			name = Debug;
		};
		72B4FF652644EA7D00D5501D /* Release */ = {
			isa = XCBuildConfiguration;
			buildSettings = {
				ALWAYS_EMBED_SWIFT_STANDARD_LIBRARIES = YES;
				CODE_SIGN_STYLE = Automatic;
				DEVELOPMENT_TEAM = STRQXD44ML;
				INFOPLIST_FILE = VideoEditorAppUITests/Info.plist;
				LD_RUNPATH_SEARCH_PATHS = (
					"$(inherited)",
					"@executable_path/Frameworks",
					"@loader_path/Frameworks",
				);
				PRODUCT_BUNDLE_IDENTIFIER = com.junho.develop.VideoEditorAppUITests;
				PRODUCT_NAME = "$(TARGET_NAME)";
				SWIFT_VERSION = 5.0;
				TARGETED_DEVICE_FAMILY = "1,2";
				TEST_TARGET_NAME = VideoEditorApp;
			};
			name = Release;
		};
/* End XCBuildConfiguration section */

/* Begin XCConfigurationList section */
		72B4FF2E2644EA7B00D5501D /* Build configuration list for PBXProject "VideoEditorApp" */ = {
			isa = XCConfigurationList;
			buildConfigurations = (
				72B4FF5B2644EA7D00D5501D /* Debug */,
				72B4FF5C2644EA7D00D5501D /* Release */,
			);
			defaultConfigurationIsVisible = 0;
			defaultConfigurationName = Release;
		};
		72B4FF5D2644EA7D00D5501D /* Build configuration list for PBXNativeTarget "VideoEditorApp" */ = {
			isa = XCConfigurationList;
			buildConfigurations = (
				72B4FF5E2644EA7D00D5501D /* Debug */,
				72B4FF5F2644EA7D00D5501D /* Release */,
			);
			defaultConfigurationIsVisible = 0;
			defaultConfigurationName = Release;
		};
		72B4FF602644EA7D00D5501D /* Build configuration list for PBXNativeTarget "VideoEditorAppTests" */ = {
			isa = XCConfigurationList;
			buildConfigurations = (
				72B4FF612644EA7D00D5501D /* Debug */,
				72B4FF622644EA7D00D5501D /* Release */,
			);
			defaultConfigurationIsVisible = 0;
			defaultConfigurationName = Release;
		};
		72B4FF632644EA7D00D5501D /* Build configuration list for PBXNativeTarget "VideoEditorAppUITests" */ = {
			isa = XCConfigurationList;
			buildConfigurations = (
				72B4FF642644EA7D00D5501D /* Debug */,
				72B4FF652644EA7D00D5501D /* Release */,
			);
			defaultConfigurationIsVisible = 0;
			defaultConfigurationName = Release;
		};
/* End XCConfigurationList section */
	};
	rootObject = 72B4FF2B2644EA7B00D5501D /* Project object */;
}
