// !$*UTF8*$!
{
	archiveVersion = 1;
	classes = {
	};
	objectVersion = 50;
	objects = {

/* Begin PBXBuildFile section */
		7B5DFE2A2423536900D2132A /* AppDelegate.swift in Sources */ = {isa = PBXBuildFile; fileRef = 7B5DFE292423536900D2132A /* AppDelegate.swift */; };
		7B5DFE2C2423536900D2132A /* SceneDelegate.swift in Sources */ = {isa = PBXBuildFile; fileRef = 7B5DFE2B2423536900D2132A /* SceneDelegate.swift */; };
		7B5DFE2F2423536900D2132A /* HelloNeumorphism.xcdatamodeld in Sources */ = {isa = PBXBuildFile; fileRef = 7B5DFE2D2423536900D2132A /* HelloNeumorphism.xcdatamodeld */; };
		7B5DFE312423536900D2132A /* ContentView.swift in Sources */ = {isa = PBXBuildFile; fileRef = 7B5DFE302423536900D2132A /* ContentView.swift */; };
		7B5DFE332423536A00D2132A /* Assets.xcassets in Resources */ = {isa = PBXBuildFile; fileRef = 7B5DFE322423536A00D2132A /* Assets.xcassets */; };
		7B5DFE362423536A00D2132A /* Preview Assets.xcassets in Resources */ = {isa = PBXBuildFile; fileRef = 7B5DFE352423536A00D2132A /* Preview Assets.xcassets */; };
		7B5DFE392423536A00D2132A /* LaunchScreen.storyboard in Resources */ = {isa = PBXBuildFile; fileRef = 7B5DFE372423536A00D2132A /* LaunchScreen.storyboard */; };
/* End PBXBuildFile section */

/* Begin PBXFileReference section */
		7B5DFE262423536900D2132A /* HelloNeumorphism.app */ = {isa = PBXFileReference; explicitFileType = wrapper.application; includeInIndex = 0; path = HelloNeumorphism.app; sourceTree = BUILT_PRODUCTS_DIR; };
		7B5DFE292423536900D2132A /* AppDelegate.swift */ = {isa = PBXFileReference; lastKnownFileType = sourcecode.swift; path = AppDelegate.swift; sourceTree = "<group>"; };
		7B5DFE2B2423536900D2132A /* SceneDelegate.swift */ = {isa = PBXFileReference; lastKnownFileType = sourcecode.swift; path = SceneDelegate.swift; sourceTree = "<group>"; };
		7B5DFE2E2423536900D2132A /* HelloNeumorphism.xcdatamodel */ = {isa = PBXFileReference; lastKnownFileType = wrapper.xcdatamodel; path = HelloNeumorphism.xcdatamodel; sourceTree = "<group>"; };
		7B5DFE302423536900D2132A /* ContentView.swift */ = {isa = PBXFileReference; lastKnownFileType = sourcecode.swift; path = ContentView.swift; sourceTree = "<group>"; };
		7B5DFE322423536A00D2132A /* Assets.xcassets */ = {isa = PBXFileReference; lastKnownFileType = folder.assetcatalog; path = Assets.xcassets; sourceTree = "<group>"; };
		7B5DFE352423536A00D2132A /* Preview Assets.xcassets */ = {isa = PBXFileReference; lastKnownFileType = folder.assetcatalog; path = "Preview Assets.xcassets"; sourceTree = "<group>"; };
		7B5DFE382423536A00D2132A /* Base */ = {isa = PBXFileReference; lastKnownFileType = file.storyboard; name = Base; path = Base.lproj/LaunchScreen.storyboard; sourceTree = "<group>"; };
		7B5DFE3A2423536A00D2132A /* Info.plist */ = {isa = PBXFileReference; lastKnownFileType = text.plist.xml; path = Info.plist; sourceTree = "<group>"; };
/* End PBXFileReference section */

/* Begin PBXFrameworksBuildPhase section */
		7B5DFE232423536900D2132A /* Frameworks */ = {
			isa = PBXFrameworksBuildPhase;
			buildActionMask = 2147483647;
			files = (
			);
			runOnlyForDeploymentPostprocessing = 0;
		};
/* End PBXFrameworksBuildPhase section */

/* Begin PBXGroup section */
		7B5DFE1D2423536900D2132A = {
			isa = PBXGroup;
			children = (
				7B5DFE282423536900D2132A /* HelloNeumorphism */,
				7B5DFE272423536900D2132A /* Products */,
			);
			sourceTree = "<group>";
		};
		7B5DFE272423536900D2132A /* Products */ = {
			isa = PBXGroup;
			children = (
				7B5DFE262423536900D2132A /* HelloNeumorphism.app */,
			);
			name = Products;
			sourceTree = "<group>";
		};
		7B5DFE282423536900D2132A /* HelloNeumorphism */ = {
			isa = PBXGroup;
			children = (
				7B5DFE292423536900D2132A /* AppDelegate.swift */,
				7B5DFE2B2423536900D2132A /* SceneDelegate.swift */,
				7B5DFE302423536900D2132A /* ContentView.swift */,
				7B5DFE322423536A00D2132A /* Assets.xcassets */,
				7B5DFE372423536A00D2132A /* LaunchScreen.storyboard */,
				7B5DFE3A2423536A00D2132A /* Info.plist */,
				7B5DFE2D2423536900D2132A /* HelloNeumorphism.xcdatamodeld */,
				7B5DFE342423536A00D2132A /* Preview Content */,
			);
			path = HelloNeumorphism;
			sourceTree = "<group>";
		};
		7B5DFE342423536A00D2132A /* Preview Content */ = {
			isa = PBXGroup;
			children = (
				7B5DFE352423536A00D2132A /* Preview Assets.xcassets */,
			);
			path = "Preview Content";
			sourceTree = "<group>";
		};
/* End PBXGroup section */

/* Begin PBXNativeTarget section */
		7B5DFE252423536900D2132A /* HelloNeumorphism */ = {
			isa = PBXNativeTarget;
			buildConfigurationList = 7B5DFE3D2423536A00D2132A /* Build configuration list for PBXNativeTarget "HelloNeumorphism" */;
			buildPhases = (
				7B5DFE222423536900D2132A /* Sources */,
				7B5DFE232423536900D2132A /* Frameworks */,
				7B5DFE242423536900D2132A /* Resources */,
			);
			buildRules = (
			);
			dependencies = (
			);
			name = HelloNeumorphism;
			productName = HelloNeumorphism;
			productReference = 7B5DFE262423536900D2132A /* HelloNeumorphism.app */;
			productType = "com.apple.product-type.application";
		};
/* End PBXNativeTarget section */

/* Begin PBXProject section */
		7B5DFE1E2423536900D2132A /* Project object */ = {
			isa = PBXProject;
			attributes = {
				LastSwiftUpdateCheck = 1130;
				LastUpgradeCheck = 1130;
				ORGANIZATIONNAME = salted_Bucky;
				TargetAttributes = {
					7B5DFE252423536900D2132A = {
						CreatedOnToolsVersion = 11.3.1;
					};
				};
			};
			buildConfigurationList = 7B5DFE212423536900D2132A /* Build configuration list for PBXProject "HelloNeumorphism" */;
			compatibilityVersion = "Xcode 9.3";
			developmentRegion = en;
			hasScannedForEncodings = 0;
			knownRegions = (
				en,
				Base,
			);
			mainGroup = 7B5DFE1D2423536900D2132A;
			productRefGroup = 7B5DFE272423536900D2132A /* Products */;
			projectDirPath = "";
			projectRoot = "";
			targets = (
				7B5DFE252423536900D2132A /* HelloNeumorphism */,
			);
		};
/* End PBXProject section */

/* Begin PBXResourcesBuildPhase section */
		7B5DFE242423536900D2132A /* Resources */ = {
			isa = PBXResourcesBuildPhase;
			buildActionMask = 2147483647;
			files = (
				7B5DFE392423536A00D2132A /* LaunchScreen.storyboard in Resources */,
				7B5DFE362423536A00D2132A /* Preview Assets.xcassets in Resources */,
				7B5DFE332423536A00D2132A /* Assets.xcassets in Resources */,
			);
			runOnlyForDeploymentPostprocessing = 0;
		};
/* End PBXResourcesBuildPhase section */

/* Begin PBXSourcesBuildPhase section */
		7B5DFE222423536900D2132A /* Sources */ = {
			isa = PBXSourcesBuildPhase;
			buildActionMask = 2147483647;
			files = (
				7B5DFE2F2423536900D2132A /* HelloNeumorphism.xcdatamodeld in Sources */,
				7B5DFE2A2423536900D2132A /* AppDelegate.swift in Sources */,
				7B5DFE312423536900D2132A /* ContentView.swift in Sources */,
				7B5DFE2C2423536900D2132A /* SceneDelegate.swift in Sources */,
			);
			runOnlyForDeploymentPostprocessing = 0;
		};
/* End PBXSourcesBuildPhase section */

/* Begin PBXVariantGroup section */
		7B5DFE372423536A00D2132A /* LaunchScreen.storyboard */ = {
			isa = PBXVariantGroup;
			children = (
				7B5DFE382423536A00D2132A /* Base */,
			);
			name = LaunchScreen.storyboard;
			sourceTree = "<group>";
		};
/* End PBXVariantGroup section */

/* Begin XCBuildConfiguration section */
		7B5DFE3B2423536A00D2132A /* Debug */ = {
			isa = XCBuildConfiguration;
			buildSettings = {
				ALWAYS_SEARCH_USER_PATHS = NO;
				CLANG_ANALYZER_NONNULL = YES;
				CLANG_ANALYZER_NUMBER_OBJECT_CONVERSION = YES_AGGRESSIVE;
				CLANG_CXX_LANGUAGE_STANDARD = "gnu++14";
				CLANG_CXX_LIBRARY = "libc++";
				CLANG_ENABLE_MODULES = YES;
				CLANG_ENABLE_OBJC_ARC = YES;
				CLANG_ENABLE_OBJC_WEAK = YES;
				CLANG_WARN_BLOCK_CAPTURE_AUTORELEASING = YES;
				CLANG_WARN_BOOL_CONVERSION = YES;
				CLANG_WARN_COMMA = YES;
				CLANG_WARN_CONSTANT_CONVERSION = YES;
				CLANG_WARN_DEPRECATED_OBJC_IMPLEMENTATIONS = YES;
				CLANG_WARN_DIRECT_OBJC_ISA_USAGE = YES_ERROR;
				CLANG_WARN_DOCUMENTATION_COMMENTS = YES;
				CLANG_WARN_EMPTY_BODY = YES;
				CLANG_WARN_ENUM_CONVERSION = YES;
				CLANG_WARN_INFINITE_RECURSION = YES;
				CLANG_WARN_INT_CONVERSION = YES;
				CLANG_WARN_NON_LITERAL_NULL_CONVERSION = YES;
				CLANG_WARN_OBJC_IMPLICIT_RETAIN_SELF = YES;
				CLANG_WARN_OBJC_LITERAL_CONVERSION = YES;
				CLANG_WARN_OBJC_ROOT_CLASS = YES_ERROR;
				CLANG_WARN_RANGE_LOOP_ANALYSIS = YES;
				CLANG_WARN_STRICT_PROTOTYPES = YES;
				CLANG_WARN_SUSPICIOUS_MOVE = YES;
				CLANG_WARN_UNGUARDED_AVAILABILITY = YES_AGGRESSIVE;
				CLANG_WARN_UNREACHABLE_CODE = YES;
				CLANG_WARN__DUPLICATE_METHOD_MATCH = YES;
				COPY_PHASE_STRIP = NO;
				DEBUG_INFORMATION_FORMAT = dwarf;
				ENABLE_STRICT_OBJC_MSGSEND = YES;
				ENABLE_TESTABILITY = YES;
				GCC_C_LANGUAGE_STANDARD = gnu11;
				GCC_DYNAMIC_NO_PIC = NO;
				GCC_NO_COMMON_BLOCKS = YES;
				GCC_OPTIMIZATION_LEVEL = 0;
				GCC_PREPROCESSOR_DEFINITIONS = (
					"DEBUG=1",
					"$(inherited)",
				);
				GCC_WARN_64_TO_32_BIT_CONVERSION = YES;
				GCC_WARN_ABOUT_RETURN_TYPE = YES_ERROR;
				GCC_WARN_UNDECLARED_SELECTOR = YES;
				GCC_WARN_UNINITIALIZED_AUTOS = YES_AGGRESSIVE;
				GCC_WARN_UNUSED_FUNCTION = YES;
				GCC_WARN_UNUSED_VARIABLE = YES;
				IPHONEOS_DEPLOYMENT_TARGET = 13.2;
				MTL_ENABLE_DEBUG_INFO = INCLUDE_SOURCE;
				MTL_FAST_MATH = YES;
				ONLY_ACTIVE_ARCH = YES;
				SDKROOT = iphoneos;
				SWIFT_ACTIVE_COMPILATION_CONDITIONS = DEBUG;
				SWIFT_OPTIMIZATION_LEVEL = "-Onone";
			};
			name = Debug;
		};
		7B5DFE3C2423536A00D2132A /* Release */ = {
			isa = XCBuildConfiguration;
			buildSettings = {
				ALWAYS_SEARCH_USER_PATHS = NO;
				CLANG_ANALYZER_NONNULL = YES;
				CLANG_ANALYZER_NUMBER_OBJECT_CONVERSION = YES_AGGRESSIVE;
				CLANG_CXX_LANGUAGE_STANDARD = "gnu++14";
				CLANG_CXX_LIBRARY = "libc++";
				CLANG_ENABLE_MODULES = YES;
				CLANG_ENABLE_OBJC_ARC = YES;
				CLANG_ENABLE_OBJC_WEAK = YES;
				CLANG_WARN_BLOCK_CAPTURE_AUTORELEASING = YES;
				CLANG_WARN_BOOL_CONVERSION = YES;
				CLANG_WARN_COMMA = YES;
				CLANG_WARN_CONSTANT_CONVERSION = YES;
				CLANG_WARN_DEPRECATED_OBJC_IMPLEMENTATIONS = YES;
				CLANG_WARN_DIRECT_OBJC_ISA_USAGE = YES_ERROR;
				CLANG_WARN_DOCUMENTATION_COMMENTS = YES;
				CLANG_WARN_EMPTY_BODY = YES;
				CLANG_WARN_ENUM_CONVERSION = YES;
				CLANG_WARN_INFINITE_RECURSION = YES;
				CLANG_WARN_INT_CONVERSION = YES;
				CLANG_WARN_NON_LITERAL_NULL_CONVERSION = YES;
				CLANG_WARN_OBJC_IMPLICIT_RETAIN_SELF = YES;
				CLANG_WARN_OBJC_LITERAL_CONVERSION = YES;
				CLANG_WARN_OBJC_ROOT_CLASS = YES_ERROR;
				CLANG_WARN_RANGE_LOOP_ANALYSIS = YES;
				CLANG_WARN_STRICT_PROTOTYPES = YES;
				CLANG_WARN_SUSPICIOUS_MOVE = YES;
				CLANG_WARN_UNGUARDED_AVAILABILITY = YES_AGGRESSIVE;
				CLANG_WARN_UNREACHABLE_CODE = YES;
				CLANG_WARN__DUPLICATE_METHOD_MATCH = YES;
				COPY_PHASE_STRIP = NO;
				DEBUG_INFORMATION_FORMAT = "dwarf-with-dsym";
				ENABLE_NS_ASSERTIONS = NO;
				ENABLE_STRICT_OBJC_MSGSEND = YES;
				GCC_C_LANGUAGE_STANDARD = gnu11;
				GCC_NO_COMMON_BLOCKS = YES;
				GCC_WARN_64_TO_32_BIT_CONVERSION = YES;
				GCC_WARN_ABOUT_RETURN_TYPE = YES_ERROR;
				GCC_WARN_UNDECLARED_SELECTOR = YES;
				GCC_WARN_UNINITIALIZED_AUTOS = YES_AGGRESSIVE;
				GCC_WARN_UNUSED_FUNCTION = YES;
				GCC_WARN_UNUSED_VARIABLE = YES;
				IPHONEOS_DEPLOYMENT_TARGET = 13.2;
				MTL_ENABLE_DEBUG_INFO = NO;
				MTL_FAST_MATH = YES;
				SDKROOT = iphoneos;
				SWIFT_COMPILATION_MODE = wholemodule;
				SWIFT_OPTIMIZATION_LEVEL = "-O";
				VALIDATE_PRODUCT = YES;
			};
			name = Release;
		};
		7B5DFE3E2423536A00D2132A /* Debug */ = {
			isa = XCBuildConfiguration;
			buildSettings = {
				ASSETCATALOG_COMPILER_APPICON_NAME = AppIcon;
				CODE_SIGN_STYLE = Automatic;
				DEVELOPMENT_ASSET_PATHS = "\"HelloNeumorphism/Preview Content\"";
				DEVELOPMENT_TEAM = 9YNNNVDURK;
				ENABLE_PREVIEWS = YES;
				INFOPLIST_FILE = HelloNeumorphism/Info.plist;
				LD_RUNPATH_SEARCH_PATHS = (
					"$(inherited)",
					"@executable_path/Frameworks",
				);
				PRODUCT_BUNDLE_IDENTIFIER = com.HelloNeumorphism;
				PRODUCT_NAME = "$(TARGET_NAME)";
				SWIFT_VERSION = 5.0;
				TARGETED_DEVICE_FAMILY = "1,2";
			};
			name = Debug;
		};
		7B5DFE3F2423536A00D2132A /* Release */ = {
			isa = XCBuildConfiguration;
			buildSettings = {
				ASSETCATALOG_COMPILER_APPICON_NAME = AppIcon;
				CODE_SIGN_STYLE = Automatic;
				DEVELOPMENT_ASSET_PATHS = "\"HelloNeumorphism/Preview Content\"";
				DEVELOPMENT_TEAM = 9YNNNVDURK;
				ENABLE_PREVIEWS = YES;
				INFOPLIST_FILE = HelloNeumorphism/Info.plist;
				LD_RUNPATH_SEARCH_PATHS = (
					"$(inherited)",
					"@executable_path/Frameworks",
				);
				PRODUCT_BUNDLE_IDENTIFIER = com.HelloNeumorphism;
				PRODUCT_NAME = "$(TARGET_NAME)";
				SWIFT_VERSION = 5.0;
				TARGETED_DEVICE_FAMILY = "1,2";
			};
			name = Release;
		};
/* End XCBuildConfiguration section */

/* Begin XCConfigurationList section */
		7B5DFE212423536900D2132A /* Build configuration list for PBXProject "HelloNeumorphism" */ = {
			isa = XCConfigurationList;
			buildConfigurations = (
				7B5DFE3B2423536A00D2132A /* Debug */,
				7B5DFE3C2423536A00D2132A /* Release */,
			);
			defaultConfigurationIsVisible = 0;
			defaultConfigurationName = Release;
		};
		7B5DFE3D2423536A00D2132A /* Build configuration list for PBXNativeTarget "HelloNeumorphism" */ = {
			isa = XCConfigurationList;
			buildConfigurations = (
				7B5DFE3E2423536A00D2132A /* Debug */,
				7B5DFE3F2423536A00D2132A /* Release */,
			);
			defaultConfigurationIsVisible = 0;
			defaultConfigurationName = Release;
		};
/* End XCConfigurationList section */

/* Begin XCVersionGroup section */
		7B5DFE2D2423536900D2132A /* HelloNeumorphism.xcdatamodeld */ = {
			isa = XCVersionGroup;
			children = (
				7B5DFE2E2423536900D2132A /* HelloNeumorphism.xcdatamodel */,
			);
			currentVersion = 7B5DFE2E2423536900D2132A /* HelloNeumorphism.xcdatamodel */;
			path = HelloNeumorphism.xcdatamodeld;
			sourceTree = "<group>";
			versionGroupType = wrapper.xcdatamodel;
		};
/* End XCVersionGroup section */
	};
	rootObject = 7B5DFE1E2423536900D2132A /* Project object */;
}
